
Microsoft Visual Studio Solution File, Format Version 12.00
# Visual Studio 15
Project("{FAE04EC0-301F-11D3-BF4B-00C04F79EFBC}") = "TileVania.Plugins", "TileVania.Plugins.csproj", "{2EB2A704-DEBD-BA23-8FF9-ACCB43DB4369}"
EndProject
Project("{FAE04EC0-301F-11D3-BF4B-00C04F79EFBC}") = "TileVania", "TileVania.csproj", "{6259970A-7DCC-E599-440A-E7CE4C1E0DD6}"
EndProject
Project("{FAE04EC0-301F-11D3-BF4B-00C04F79EFBC}") = "TileVania.Editor.Plugins", "TileVania.Editor.Plugins.csproj", "{AF4593DF-6C6D-A5BF-F816-54B2940E02DA}"
EndProject
Global
	GlobalSection(SolutionConfigurationPlatforms) = preSolution
		Debug|Any CPU = Debug|Any CPU
		Release|Any CPU = Release|Any CPU
	EndGlobalSection
	GlobalSection(ProjectConfigurationPlatforms) = postSolution
		{2EB2A704-DEBD-BA23-8FF9-ACCB43DB4369}.Debug|Any CPU.ActiveCfg = Debug|Any CPU
		{2EB2A704-DEBD-BA23-8FF9-ACCB43DB4369}.Debug|Any CPU.Build.0 = Debug|Any CPU
		{2EB2A704-DEBD-BA23-8FF9-ACCB43DB4369}.Release|Any CPU.ActiveCfg = Release|Any CPU
		{2EB2A704-DEBD-BA23-8FF9-ACCB43DB4369}.Release|Any CPU.Build.0 = Release|Any CPU
		{6259970A-7DCC-E599-440A-E7CE4C1E0DD6}.Debug|Any CPU.ActiveCfg = Debug|Any CPU
		{6259970A-7DCC-E599-440A-E7CE4C1E0DD6}.Debug|Any CPU.Build.0 = Debug|Any CPU
		{6259970A-7DCC-E599-440A-E7CE4C1E0DD6}.Release|Any CPU.ActiveCfg = Release|Any CPU
		{6259970A-7DCC-E599-440A-E7CE4C1E0DD6}.Release|Any CPU.Build.0 = Release|Any CPU
		{AF4593DF-6C6D-A5BF-F816-54B2940E02DA}.Debug|Any CPU.ActiveCfg = Debug|Any CPU
		{AF4593DF-6C6D-A5BF-F816-54B2940E02DA}.Debug|Any CPU.Build.0 = Debug|Any CPU
		{AF4593DF-6C6D-A5BF-F816-54B2940E02DA}.Release|Any CPU.ActiveCfg = Release|Any CPU
		{AF4593DF-6C6D-A5BF-F816-54B2940E02DA}.Release|Any CPU.Build.0 = Release|Any CPU
	EndGlobalSection
	GlobalSection(SolutionProperties) = preSolution
		HideSolutionNode = FALSE
	EndGlobalSection
EndGlobal
